
Microsoft Visual Studio Solution File, Format Version 12.00
# Visual Studio Version 16
VisualStudioVersion = 16.0.30717.126
MinimumVisualStudioVersion = 10.0.40219.1
Project("{FAE04EC0-301F-11D3-BF4B-00C04F79EFBC}") = "Cabinet", "Cabinet\Cabinet.csproj", "{3CA56CE1-530D-4C85-95E1-E8B7378BF23D}"
EndProject
Global
	GlobalSection(SolutionConfigurationPlatforms) = preSolution
		Debug|Any CPU = Debug|Any CPU
		Release|Any CPU = Release|Any CPU
	EndGlobalSection
	GlobalSection(ProjectConfigurationPlatforms) = postSolution
		{3CA56CE1-530D-4C85-95E1-E8B7378BF23D}.Debug|Any CPU.ActiveCfg = Debug|Any CPU
		{3CA56CE1-530D-4C85-95E1-E8B7378BF23D}.Debug|Any CPU.Build.0 = Debug|Any CPU
		{3CA56CE1-530D-4C85-95E1-E8B7378BF23D}.Release|Any CPU.ActiveCfg = Release|Any CPU
		{3CA56CE1-530D-4C85-95E1-E8B7378BF23D}.Release|Any CPU.Build.0 = Release|Any CPU
	EndGlobalSection
	GlobalSection(SolutionProperties) = preSolution
		HideSolutionNode = FALSE
	EndGlobalSection
	GlobalSection(ExtensibilityGlobals) = postSolution
		SolutionGuid = {2A119D7D-3ED6-4CB4-8351-F419BEBEEE50}
	EndGlobalSection
EndGlobal
